
Microsoft Visual Studio Solution File, Format Version 12.00
# Visual Studio Version 16
VisualStudioVersion = 16.0.30413.136
MinimumVisualStudioVersion = 10.0.40219.1
Project("{FAE04EC0-301F-11D3-BF4B-00C04F79EFBC}") = "AnaBelenOrellana_TAREA5_Funciones", "AnaBelenOrellana_TAREA5_Funciones\AnaBelenOrellana_TAREA5_Funciones.csproj", "{FA1372A5-2054-4064-960D-E9F9D5EDBB9D}"
EndProject
Global
	GlobalSection(SolutionConfigurationPlatforms) = preSolution
		Debug|Any CPU = Debug|Any CPU
		Release|Any CPU = Release|Any CPU
	EndGlobalSection
	GlobalSection(ProjectConfigurationPlatforms) = postSolution
		{FA1372A5-2054-4064-960D-E9F9D5EDBB9D}.Debug|Any CPU.ActiveCfg = Debug|Any CPU
		{FA1372A5-2054-4064-960D-E9F9D5EDBB9D}.Debug|Any CPU.Build.0 = Debug|Any CPU
		{FA1372A5-2054-4064-960D-E9F9D5EDBB9D}.Release|Any CPU.ActiveCfg = Release|Any CPU
		{FA1372A5-2054-4064-960D-E9F9D5EDBB9D}.Release|Any CPU.Build.0 = Release|Any CPU
	EndGlobalSection
	GlobalSection(SolutionProperties) = preSolution
		HideSolutionNode = FALSE
	EndGlobalSection
	GlobalSection(ExtensibilityGlobals) = postSolution
		SolutionGuid = {AAED1AF1-A19C-4992-8CFB-F35FBFE77756}
	EndGlobalSection
EndGlobal
